
Microsoft Visual Studio Solution File, Format Version 12.00
# Visual Studio Version 17
VisualStudioVersion = 17.3.32825.248
MinimumVisualStudioVersion = 10.0.40219.1
Project("{FAE04EC0-301F-11D3-BF4B-00C04F79EFBC}") = "Projekt", "Projekt\Projekt.csproj", "{9EF71D24-BC8C-4173-B5B7-C5F8CDE22030}"
EndProject
Global
	GlobalSection(SolutionConfigurationPlatforms) = preSolution
		Debug|Any CPU = Debug|Any CPU
		Release|Any CPU = Release|Any CPU
	EndGlobalSection
	GlobalSection(ProjectConfigurationPlatforms) = postSolution
		{9EF71D24-BC8C-4173-B5B7-C5F8CDE22030}.Debug|Any CPU.ActiveCfg = Debug|Any CPU
		{9EF71D24-BC8C-4173-B5B7-C5F8CDE22030}.Debug|Any CPU.Build.0 = Debug|Any CPU
		{9EF71D24-BC8C-4173-B5B7-C5F8CDE22030}.Release|Any CPU.ActiveCfg = Release|Any CPU
		{9EF71D24-BC8C-4173-B5B7-C5F8CDE22030}.Release|Any CPU.Build.0 = Release|Any CPU
	EndGlobalSection
	GlobalSection(SolutionProperties) = preSolution
		HideSolutionNode = FALSE
	EndGlobalSection
	GlobalSection(ExtensibilityGlobals) = postSolution
		SolutionGuid = {5C19B853-3EA5-4671-9E70-BD410681EE49}
	EndGlobalSection
EndGlobal
